{
  "name": "pithos-browser-assets",
  "lockfileVersion": 3,
  "requires": true,
  "packages": {
    "": {
      "name": "pithos-browser-assets",
      "dependencies": {
        "@novnc/novnc": "1.7.0",
        "@playwright/cli": "0.1.19",
        "ws": "8.21.3"
      },
      "engines": {
        "node": ">=24"
      }
    },
    "node_modules/@novnc/novnc": {
      "version": "1.7.0",
      "resolved": "https://registry.npmjs.org/@novnc/novnc/-/novnc-1.7.0.tgz",
      "integrity": "sha512-ucEJOx4T2avIRCleodk7YobZj5O2Ga2AeLfQ69A/yjG9HHba2+PDgwSkN3FttrmG+70ZGx21sElNFouK13RzyA==",
      "license": "MPL-2.0"
    },
    "node_modules/@playwright/cli": {
      "version": "0.1.19",
      "resolved": "https://registry.npmjs.org/@playwright/cli/-/cli-0.1.19.tgz",
      "integrity": "sha512-eGXIsYa5D+dC6wHGf+9uEislhPGip1djK+yiNAD7BVsXN3WzzR1J4ClFAhYhyu7wSEFqhcPrqXAYeBJF1dKJ7A==",
      "license": "Apache-2.0",
      "dependencies": {
        "playwright": "1.63.0-alpha-2026-08-31",
        "playwright-core": "1.63.0-alpha-2026-08-31"
      },
      "bin": {
        "playwright-cli": "playwright-cli.js"
      },
      "engines": {
        "node": ">=18"
      }
    },
    "node_modules/playwright": {
      "version": "1.63.0-alpha-2026-08-31",
      "resolved": "https://registry.npmjs.org/playwright/-/playwright-1.63.0-alpha-2026-08-31.tgz",
      "integrity": "sha512-3XAsuznfu8jBVJ4QxdGvBkt0+b8ZFwuwJYyOfiIw5ZjUOrNLNRhKxzLzLuydou3gJ9c6eMwVqgzdiOwhy54Kzw==",
      "license": "Apache-2.0",
      "dependencies": {
        "playwright-core": "1.63.0-alpha-2026-08-31"
      },
      "bin": {
        "playwright": "cli.js"
      },
      "engines": {
        "node": ">=20"
      }
    },
    "node_modules/playwright-core": {
      "version": "1.63.0-alpha-2026-08-31",
      "resolved": "https://registry.npmjs.org/playwright-core/-/playwright-core-1.63.0-alpha-2026-08-31.tgz",
      "integrity": "sha512-1ek0Lyr12h6jcs/WTcNoVtzZkQp7D/90PsMuBW/Rm6h3AsWAbzpqj0geMv8+8Tzzr9CSUYvg9kznrVZINQMXXw==",
      "license": "Apache-2.0",
      "bin": {
        "playwright-core": "cli.js"
      },
      "engines": {
        "node": ">=20"
      }
    },
    "node_modules/ws": {
      "version": "8.21.3",
      "resolved": "https://registry.npmjs.org/ws/-/ws-8.21.3.tgz",
      "integrity": "sha512-201TZ/kPWxoPr/OKWjquZR1SWKXcvxdH+e1xrx89b3YbmzLMFCLfnaG1HFIgWzJOEWZ7MvpK++odZufgYR50Rw==",
      "license": "MIT",
      "engines": {
        "node": ">=10.0.0"
      },
      "peerDependencies": {
        "bufferutil": "^4.0.1",
        "utf-8-validate": ">=5.0.2"
      },
      "peerDependenciesMeta": {
        "bufferutil": {
          "optional": true
        },
        "utf-8-validate": {
          "optional": true
        }
      }
    }
  }
}
